
Microsoft Visual Studio Solution File, Format Version 12.00
# Visual Studio Version 16
VisualStudioVersion = 16.0.30717.126
MinimumVisualStudioVersion = 10.0.40219.1
Project("{FAE04EC0-301F-11D3-BF4B-00C04F79EFBC}") = "Factorial", "Factorial\Factorial.csproj", "{8382B1AE-ABD8-423B-87C4-2A41893E15BA}"
EndProject
Global
	GlobalSection(SolutionConfigurationPlatforms) = preSolution
		Debug|Any CPU = Debug|Any CPU
		Release|Any CPU = Release|Any CPU
	EndGlobalSection
	GlobalSection(ProjectConfigurationPlatforms) = postSolution
		{8382B1AE-ABD8-423B-87C4-2A41893E15BA}.Debug|Any CPU.ActiveCfg = Debug|Any CPU
		{8382B1AE-ABD8-423B-87C4-2A41893E15BA}.Debug|Any CPU.Build.0 = Debug|Any CPU
		{8382B1AE-ABD8-423B-87C4-2A41893E15BA}.Release|Any CPU.ActiveCfg = Release|Any CPU
		{8382B1AE-ABD8-423B-87C4-2A41893E15BA}.Release|Any CPU.Build.0 = Release|Any CPU
	EndGlobalSection
	GlobalSection(SolutionProperties) = preSolution
		HideSolutionNode = FALSE
	EndGlobalSection
	GlobalSection(ExtensibilityGlobals) = postSolution
		SolutionGuid = {7A3C8B56-9713-4106-9FF0-43328460B4DE}
	EndGlobalSection
EndGlobal
